// !$*UTF8*$!
{
	archiveVersion = 1;
	classes = {
	};
	objectVersion = 56;
	objects = {

/* Begin PBXBuildFile section */
		08837A802970B58B001B4011 /* Notes_n_QuotesApp.swift in Sources */ = {isa = PBXBuildFile; fileRef = 08837A7F2970B58B001B4011 /* Notes_n_QuotesApp.swift */; };
		08837A822970B58B001B4011 /* ContentView.swift in Sources */ = {isa = PBXBuildFile; fileRef = 08837A812970B58B001B4011 /* ContentView.swift */; };
		08837A842970B58E001B4011 /* Assets.xcassets in Resources */ = {isa = PBXBuildFile; fileRef = 08837A832970B58E001B4011 /* Assets.xcassets */; };
		08837A872970B58E001B4011 /* Preview Assets.xcassets in Resources */ = {isa = PBXBuildFile; fileRef = 08837A862970B58E001B4011 /* Preview Assets.xcassets */; };
		08837A912970B58E001B4011 /* Notes_n_QuotesTests.swift in Sources */ = {isa = PBXBuildFile; fileRef = 08837A902970B58E001B4011 /* Notes_n_QuotesTests.swift */; };
		08837A9B2970B58E001B4011 /* Notes_n_QuotesUITests.swift in Sources */ = {isa = PBXBuildFile; fileRef = 08837A9A2970B58E001B4011 /* Notes_n_QuotesUITests.swift */; };
		08837A9D2970B58E001B4011 /* Notes_n_QuotesUITestsLaunchTests.swift in Sources */ = {isa = PBXBuildFile; fileRef = 08837A9C2970B58E001B4011 /* Notes_n_QuotesUITestsLaunchTests.swift */; };
/* End PBXBuildFile section */

/* Begin PBXContainerItemProxy section */
		08837A8D2970B58E001B4011 /* PBXContainerItemProxy */ = {
			isa = PBXContainerItemProxy;
			containerPortal = 08837A742970B58B001B4011 /* Project object */;
			proxyType = 1;
			remoteGlobalIDString = 08837A7B2970B58B001B4011;
			remoteInfo = "Notes'n'Quotes";
		};
		08837A972970B58E001B4011 /* PBXContainerItemProxy */ = {
			isa = PBXContainerItemProxy;
			containerPortal = 08837A742970B58B001B4011 /* Project object */;
			proxyType = 1;
			remoteGlobalIDString = 08837A7B2970B58B001B4011;
			remoteInfo = "Notes'n'Quotes";
		};
/* End PBXContainerItemProxy section */

/* Begin PBXFileReference section */
		08837A7C2970B58B001B4011 /* Notes'n'Quotes.app */ = {isa = PBXFileReference; explicitFileType = wrapper.application; includeInIndex = 0; path = "Notes'n'Quotes.app"; sourceTree = BUILT_PRODUCTS_DIR; };
		08837A7F2970B58B001B4011 /* Notes_n_QuotesApp.swift */ = {isa = PBXFileReference; lastKnownFileType = sourcecode.swift; path = Notes_n_QuotesApp.swift; sourceTree = "<group>"; };
		08837A812970B58B001B4011 /* ContentView.swift */ = {isa = PBXFileReference; lastKnownFileType = sourcecode.swift; path = ContentView.swift; sourceTree = "<group>"; };
		08837A832970B58E001B4011 /* Assets.xcassets */ = {isa = PBXFileReference; lastKnownFileType = folder.assetcatalog; path = Assets.xcassets; sourceTree = "<group>"; };
		08837A862970B58E001B4011 /* Preview Assets.xcassets */ = {isa = PBXFileReference; lastKnownFileType = folder.assetcatalog; path = "Preview Assets.xcassets"; sourceTree = "<group>"; };
		08837A8C2970B58E001B4011 /* Notes'n'QuotesTests.xctest */ = {isa = PBXFileReference; explicitFileType = wrapper.cfbundle; includeInIndex = 0; path = "Notes'n'QuotesTests.xctest"; sourceTree = BUILT_PRODUCTS_DIR; };
		08837A902970B58E001B4011 /* Notes_n_QuotesTests.swift */ = {isa = PBXFileReference; lastKnownFileType = sourcecode.swift; path = Notes_n_QuotesTests.swift; sourceTree = "<group>"; };
		08837A962970B58E001B4011 /* Notes'n'QuotesUITests.xctest */ = {isa = PBXFileReference; explicitFileType = wrapper.cfbundle; includeInIndex = 0; path = "Notes'n'QuotesUITests.xctest"; sourceTree = BUILT_PRODUCTS_DIR; };
		08837A9A2970B58E001B4011 /* Notes_n_QuotesUITests.swift */ = {isa = PBXFileReference; lastKnownFileType = sourcecode.swift; path = Notes_n_QuotesUITests.swift; sourceTree = "<group>"; };
		08837A9C2970B58E001B4011 /* Notes_n_QuotesUITestsLaunchTests.swift */ = {isa = PBXFileReference; lastKnownFileType = sourcecode.swift; path = Notes_n_QuotesUITestsLaunchTests.swift; sourceTree = "<group>"; };
/* End PBXFileReference section */

/* Begin PBXFrameworksBuildPhase section */
		08837A792970B58B001B4011 /* Frameworks */ = {
			isa = PBXFrameworksBuildPhase;
			buildActionMask = 2147483647;
			files = (
			);
			runOnlyForDeploymentPostprocessing = 0;
		};
		08837A892970B58E001B4011 /* Frameworks */ = {
			isa = PBXFrameworksBuildPhase;
			buildActionMask = 2147483647;
			files = (
			);
			runOnlyForDeploymentPostprocessing = 0;
		};
		08837A932970B58E001B4011 /* Frameworks */ = {
			isa = PBXFrameworksBuildPhase;
			buildActionMask = 2147483647;
			files = (
			);
			runOnlyForDeploymentPostprocessing = 0;
		};
/* End PBXFrameworksBuildPhase section */

/* Begin PBXGroup section */
		08837A732970B58B001B4011 = {
			isa = PBXGroup;
			children = (
				08837A7E2970B58B001B4011 /* Notes'n'Quotes */,
				08837A8F2970B58E001B4011 /* Notes'n'QuotesTests */,
				08837A992970B58E001B4011 /* Notes'n'QuotesUITests */,
				08837A7D2970B58B001B4011 /* Products */,
			);
			sourceTree = "<group>";
		};
		08837A7D2970B58B001B4011 /* Products */ = {
			isa = PBXGroup;
			children = (
				08837A7C2970B58B001B4011 /* Notes'n'Quotes.app */,
				08837A8C2970B58E001B4011 /* Notes'n'QuotesTests.xctest */,
				08837A962970B58E001B4011 /* Notes'n'QuotesUITests.xctest */,
			);
			name = Products;
			sourceTree = "<group>";
		};
		08837A7E2970B58B001B4011 /* Notes'n'Quotes */ = {
			isa = PBXGroup;
			children = (
				08837A7F2970B58B001B4011 /* Notes_n_QuotesApp.swift */,
				08837A812970B58B001B4011 /* ContentView.swift */,
				08837A832970B58E001B4011 /* Assets.xcassets */,
				08837A852970B58E001B4011 /* Preview Content */,
			);
			path = "Notes'n'Quotes";
			sourceTree = "<group>";
		};
		08837A852970B58E001B4011 /* Preview Content */ = {
			isa = PBXGroup;
			children = (
				08837A862970B58E001B4011 /* Preview Assets.xcassets */,
			);
			path = "Preview Content";
			sourceTree = "<group>";
		};
		08837A8F2970B58E001B4011 /* Notes'n'QuotesTests */ = {
			isa = PBXGroup;
			children = (
				08837A902970B58E001B4011 /* Notes_n_QuotesTests.swift */,
			);
			path = "Notes'n'QuotesTests";
			sourceTree = "<group>";
		};
		08837A992970B58E001B4011 /* Notes'n'QuotesUITests */ = {
			isa = PBXGroup;
			children = (
				08837A9A2970B58E001B4011 /* Notes_n_QuotesUITests.swift */,
				08837A9C2970B58E001B4011 /* Notes_n_QuotesUITestsLaunchTests.swift */,
			);
			path = "Notes'n'QuotesUITests";
			sourceTree = "<group>";
		};
/* End PBXGroup section */

/* Begin PBXNativeTarget section */
		08837A7B2970B58B001B4011 /* Notes'n'Quotes */ = {
			isa = PBXNativeTarget;
			buildConfigurationList = 08837AA02970B58E001B4011 /* Build configuration list for PBXNativeTarget "Notes'n'Quotes" */;
			buildPhases = (
				08837A782970B58B001B4011 /* Sources */,
				08837A792970B58B001B4011 /* Frameworks */,
				08837A7A2970B58B001B4011 /* Resources */,
			);
			buildRules = (
			);
			dependencies = (
			);
			name = "Notes'n'Quotes";
			productName = "Notes'n'Quotes";
			productReference = 08837A7C2970B58B001B4011 /* Notes'n'Quotes.app */;
			productType = "com.apple.product-type.application";
		};
		08837A8B2970B58E001B4011 /* Notes'n'QuotesTests */ = {
			isa = PBXNativeTarget;
			buildConfigurationList = 08837AA32970B58E001B4011 /* Build configuration list for PBXNativeTarget "Notes'n'QuotesTests" */;
			buildPhases = (
				08837A882970B58E001B4011 /* Sources */,
				08837A892970B58E001B4011 /* Frameworks */,
				08837A8A2970B58E001B4011 /* Resources */,
			);
			buildRules = (
			);
			dependencies = (
				08837A8E2970B58E001B4011 /* PBXTargetDependency */,
			);
			name = "Notes'n'QuotesTests";
			productName = "Notes'n'QuotesTests";
			productReference = 08837A8C2970B58E001B4011 /* Notes'n'QuotesTests.xctest */;
			productType = "com.apple.product-type.bundle.unit-test";
		};
		08837A952970B58E001B4011 /* Notes'n'QuotesUITests */ = {
			isa = PBXNativeTarget;
			buildConfigurationList = 08837AA62970B58E001B4011 /* Build configuration list for PBXNativeTarget "Notes'n'QuotesUITests" */;
			buildPhases = (
				08837A922970B58E001B4011 /* Sources */,
				08837A932970B58E001B4011 /* Frameworks */,
				08837A942970B58E001B4011 /* Resources */,
			);
			buildRules = (
			);
			dependencies = (
				08837A982970B58E001B4011 /* PBXTargetDependency */,
			);
			name = "Notes'n'QuotesUITests";
			productName = "Notes'n'QuotesUITests";
			productReference = 08837A962970B58E001B4011 /* Notes'n'QuotesUITests.xctest */;
			productType = "com.apple.product-type.bundle.ui-testing";
		};
/* End PBXNativeTarget section */

/* Begin PBXProject section */
		08837A742970B58B001B4011 /* Project object */ = {
			isa = PBXProject;
			attributes = {
				BuildIndependentTargetsInParallel = 1;
				LastSwiftUpdateCheck = 1420;
				LastUpgradeCheck = 1420;
				TargetAttributes = {
					08837A7B2970B58B001B4011 = {
						CreatedOnToolsVersion = 14.2;
					};
					08837A8B2970B58E001B4011 = {
						CreatedOnToolsVersion = 14.2;
						TestTargetID = 08837A7B2970B58B001B4011;
					};
					08837A952970B58E001B4011 = {
						CreatedOnToolsVersion = 14.2;
						TestTargetID = 08837A7B2970B58B001B4011;
					};
				};
			};
			buildConfigurationList = 08837A772970B58B001B4011 /* Build configuration list for PBXProject "Notes'n'Quotes" */;
			compatibilityVersion = "Xcode 14.0";
			developmentRegion = en;
			hasScannedForEncodings = 0;
			knownRegions = (
				en,
				Base,
			);
			mainGroup = 08837A732970B58B001B4011;
			productRefGroup = 08837A7D2970B58B001B4011 /* Products */;
			projectDirPath = "";
			projectRoot = "";
			targets = (
				08837A7B2970B58B001B4011 /* Notes'n'Quotes */,
				08837A8B2970B58E001B4011 /* Notes'n'QuotesTests */,
				08837A952970B58E001B4011 /* Notes'n'QuotesUITests */,
			);
		};
/* End PBXProject section */

/* Begin PBXResourcesBuildPhase section */
		08837A7A2970B58B001B4011 /* Resources */ = {
			isa = PBXResourcesBuildPhase;
			buildActionMask = 2147483647;
			files = (
				08837A872970B58E001B4011 /* Preview Assets.xcassets in Resources */,
				08837A842970B58E001B4011 /* Assets.xcassets in Resources */,
			);
			runOnlyForDeploymentPostprocessing = 0;
		};
		08837A8A2970B58E001B4011 /* Resources */ = {
			isa = PBXResourcesBuildPhase;
			buildActionMask = 2147483647;
			files = (
			);
			runOnlyForDeploymentPostprocessing = 0;
		};
		08837A942970B58E001B4011 /* Resources */ = {
			isa = PBXResourcesBuildPhase;
			buildActionMask = 2147483647;
			files = (
			);
			runOnlyForDeploymentPostprocessing = 0;
		};
/* End PBXResourcesBuildPhase section */

/* Begin PBXSourcesBuildPhase section */
		08837A782970B58B001B4011 /* Sources */ = {
			isa = PBXSourcesBuildPhase;
			buildActionMask = 2147483647;
			files = (
				08837A822970B58B001B4011 /* ContentView.swift in Sources */,
				08837A802970B58B001B4011 /* Notes_n_QuotesApp.swift in Sources */,
			);
			runOnlyForDeploymentPostprocessing = 0;
		};
		08837A882970B58E001B4011 /* Sources */ = {
			isa = PBXSourcesBuildPhase;
			buildActionMask = 2147483647;
			files = (
				08837A912970B58E001B4011 /* Notes_n_QuotesTests.swift in Sources */,
			);
			runOnlyForDeploymentPostprocessing = 0;
		};
		08837A922970B58E001B4011 /* Sources */ = {
			isa = PBXSourcesBuildPhase;
			buildActionMask = 2147483647;
			files = (
				08837A9D2970B58E001B4011 /* Notes_n_QuotesUITestsLaunchTests.swift in Sources */,
				08837A9B2970B58E001B4011 /* Notes_n_QuotesUITests.swift in Sources */,
			);
			runOnlyForDeploymentPostprocessing = 0;
		};
/* End PBXSourcesBuildPhase section */

/* Begin PBXTargetDependency section */
		08837A8E2970B58E001B4011 /* PBXTargetDependency */ = {
			isa = PBXTargetDependency;
			target = 08837A7B2970B58B001B4011 /* Notes'n'Quotes */;
			targetProxy = 08837A8D2970B58E001B4011 /* PBXContainerItemProxy */;
		};
		08837A982970B58E001B4011 /* PBXTargetDependency */ = {
			isa = PBXTargetDependency;
			target = 08837A7B2970B58B001B4011 /* Notes'n'Quotes */;
			targetProxy = 08837A972970B58E001B4011 /* PBXContainerItemProxy */;
		};
/* End PBXTargetDependency section */

/* Begin XCBuildConfiguration section */
		08837A9E2970B58E001B4011 /* Debug */ = {
			isa = XCBuildConfiguration;
			buildSettings = {
				ALWAYS_SEARCH_USER_PATHS = NO;
				CLANG_ANALYZER_NONNULL = YES;
				CLANG_ANALYZER_NUMBER_OBJECT_CONVERSION = YES_AGGRESSIVE;
				CLANG_CXX_LANGUAGE_STANDARD = "gnu++20";
				CLANG_ENABLE_MODULES = YES;
				CLANG_ENABLE_OBJC_ARC = YES;
				CLANG_ENABLE_OBJC_WEAK = YES;
				CLANG_WARN_BLOCK_CAPTURE_AUTORELEASING = YES;
				CLANG_WARN_BOOL_CONVERSION = YES;
				CLANG_WARN_COMMA = YES;
				CLANG_WARN_CONSTANT_CONVERSION = YES;
				CLANG_WARN_DEPRECATED_OBJC_IMPLEMENTATIONS = YES;
				CLANG_WARN_DIRECT_OBJC_ISA_USAGE = YES_ERROR;
				CLANG_WARN_DOCUMENTATION_COMMENTS = YES;
				CLANG_WARN_EMPTY_BODY = YES;
				CLANG_WARN_ENUM_CONVERSION = YES;
				CLANG_WARN_INFINITE_RECURSION = YES;
				CLANG_WARN_INT_CONVERSION = YES;
				CLANG_WARN_NON_LITERAL_NULL_CONVERSION = YES;
				CLANG_WARN_OBJC_IMPLICIT_RETAIN_SELF = YES;
				CLANG_WARN_OBJC_LITERAL_CONVERSION = YES;
				CLANG_WARN_OBJC_ROOT_CLASS = YES_ERROR;
				CLANG_WARN_QUOTED_INCLUDE_IN_FRAMEWORK_HEADER = YES;
				CLANG_WARN_RANGE_LOOP_ANALYSIS = YES;
				CLANG_WARN_STRICT_PROTOTYPES = YES;
				CLANG_WARN_SUSPICIOUS_MOVE = YES;
				CLANG_WARN_UNGUARDED_AVAILABILITY = YES_AGGRESSIVE;
				CLANG_WARN_UNREACHABLE_CODE = YES;
				CLANG_WARN__DUPLICATE_METHOD_MATCH = YES;
				COPY_PHASE_STRIP = NO;
				DEBUG_INFORMATION_FORMAT = dwarf;
				ENABLE_STRICT_OBJC_MSGSEND = YES;
				ENABLE_TESTABILITY = YES;
				GCC_C_LANGUAGE_STANDARD = gnu11;
				GCC_DYNAMIC_NO_PIC = NO;
				GCC_NO_COMMON_BLOCKS = YES;
				GCC_OPTIMIZATION_LEVEL = 0;
				GCC_PREPROCESSOR_DEFINITIONS = (
					"DEBUG=1",
					"$(inherited)",
				);
				GCC_WARN_64_TO_32_BIT_CONVERSION = YES;
				GCC_WARN_ABOUT_RETURN_TYPE = YES_ERROR;
				GCC_WARN_UNDECLARED_SELECTOR = YES;
				GCC_WARN_UNINITIALIZED_AUTOS = YES_AGGRESSIVE;
				GCC_WARN_UNUSED_FUNCTION = YES;
				GCC_WARN_UNUSED_VARIABLE = YES;
				IPHONEOS_DEPLOYMENT_TARGET = 16.2;
				MTL_ENABLE_DEBUG_INFO = INCLUDE_SOURCE;
				MTL_FAST_MATH = YES;
				ONLY_ACTIVE_ARCH = YES;
				SDKROOT = iphoneos;
				SWIFT_ACTIVE_COMPILATION_CONDITIONS = DEBUG;
				SWIFT_OPTIMIZATION_LEVEL = "-Onone";
			};
			name = Debug;
		};
		08837A9F2970B58E001B4011 /* Release */ = {
			isa = XCBuildConfiguration;
			buildSettings = {
				ALWAYS_SEARCH_USER_PATHS = NO;
				CLANG_ANALYZER_NONNULL = YES;
				CLANG_ANALYZER_NUMBER_OBJECT_CONVERSION = YES_AGGRESSIVE;
				CLANG_CXX_LANGUAGE_STANDARD = "gnu++20";
				CLANG_ENABLE_MODULES = YES;
				CLANG_ENABLE_OBJC_ARC = YES;
				CLANG_ENABLE_OBJC_WEAK = YES;
				CLANG_WARN_BLOCK_CAPTURE_AUTORELEASING = YES;
				CLANG_WARN_BOOL_CONVERSION = YES;
				CLANG_WARN_COMMA = YES;
				CLANG_WARN_CONSTANT_CONVERSION = YES;
				CLANG_WARN_DEPRECATED_OBJC_IMPLEMENTATIONS = YES;
				CLANG_WARN_DIRECT_OBJC_ISA_USAGE = YES_ERROR;
				CLANG_WARN_DOCUMENTATION_COMMENTS = YES;
				CLANG_WARN_EMPTY_BODY = YES;
				CLANG_WARN_ENUM_CONVERSION = YES;
				CLANG_WARN_INFINITE_RECURSION = YES;
				CLANG_WARN_INT_CONVERSION = YES;
				CLANG_WARN_NON_LITERAL_NULL_CONVERSION = YES;
				CLANG_WARN_OBJC_IMPLICIT_RETAIN_SELF = YES;
				CLANG_WARN_OBJC_LITERAL_CONVERSION = YES;
				CLANG_WARN_OBJC_ROOT_CLASS = YES_ERROR;
				CLANG_WARN_QUOTED_INCLUDE_IN_FRAMEWORK_HEADER = YES;
				CLANG_WARN_RANGE_LOOP_ANALYSIS = YES;
				CLANG_WARN_STRICT_PROTOTYPES = YES;
				CLANG_WARN_SUSPICIOUS_MOVE = YES;
				CLANG_WARN_UNGUARDED_AVAILABILITY = YES_AGGRESSIVE;
				CLANG_WARN_UNREACHABLE_CODE = YES;
				CLANG_WARN__DUPLICATE_METHOD_MATCH = YES;
				COPY_PHASE_STRIP = NO;
				DEBUG_INFORMATION_FORMAT = "dwarf-with-dsym";
				ENABLE_NS_ASSERTIONS = NO;
				ENABLE_STRICT_OBJC_MSGSEND = YES;
				GCC_C_LANGUAGE_STANDARD = gnu11;
				GCC_NO_COMMON_BLOCKS = YES;
				GCC_WARN_64_TO_32_BIT_CONVERSION = YES;
				GCC_WARN_ABOUT_RETURN_TYPE = YES_ERROR;
				GCC_WARN_UNDECLARED_SELECTOR = YES;
				GCC_WARN_UNINITIALIZED_AUTOS = YES_AGGRESSIVE;
				GCC_WARN_UNUSED_FUNCTION = YES;
				GCC_WARN_UNUSED_VARIABLE = YES;
				IPHONEOS_DEPLOYMENT_TARGET = 16.2;
				MTL_ENABLE_DEBUG_INFO = NO;
				MTL_FAST_MATH = YES;
				SDKROOT = iphoneos;
				SWIFT_COMPILATION_MODE = wholemodule;
				SWIFT_OPTIMIZATION_LEVEL = "-O";
				VALIDATE_PRODUCT = YES;
			};
			name = Release;
		};
		08837AA12970B58E001B4011 /* Debug */ = {
			isa = XCBuildConfiguration;
			buildSettings = {
				ASSETCATALOG_COMPILER_APPICON_NAME = AppIcon;
				ASSETCATALOG_COMPILER_GLOBAL_ACCENT_COLOR_NAME = AccentColor;
				CODE_SIGN_STYLE = Automatic;
				CURRENT_PROJECT_VERSION = 1;
				DEVELOPMENT_ASSET_PATHS = "\"Notes'n'Quotes/Preview Content\"";
				ENABLE_PREVIEWS = YES;
				GENERATE_INFOPLIST_FILE = YES;
				INFOPLIST_KEY_UIApplicationSceneManifest_Generation = YES;
				INFOPLIST_KEY_UIApplicationSupportsIndirectInputEvents = YES;
				INFOPLIST_KEY_UILaunchScreen_Generation = YES;
				INFOPLIST_KEY_UISupportedInterfaceOrientations_iPad = "UIInterfaceOrientationPortrait UIInterfaceOrientationPortraitUpsideDown UIInterfaceOrientationLandscapeLeft UIInterfaceOrientationLandscapeRight";
				INFOPLIST_KEY_UISupportedInterfaceOrientations_iPhone = "UIInterfaceOrientationPortrait UIInterfaceOrientationLandscapeLeft UIInterfaceOrientationLandscapeRight";
				LD_RUNPATH_SEARCH_PATHS = (
					"$(inherited)",
					"@executable_path/Frameworks",
				);
				MARKETING_VERSION = 1.0;
				PRODUCT_BUNDLE_IDENTIFIER = "PersonalProjects.Notes-n-Quotes";
				PRODUCT_NAME = "$(TARGET_NAME)";
				SWIFT_EMIT_LOC_STRINGS = YES;
				SWIFT_VERSION = 5.0;
				TARGETED_DEVICE_FAMILY = "1,2";
			};
			name = Debug;
		};
		08837AA22970B58E001B4011 /* Release */ = {
			isa = XCBuildConfiguration;
			buildSettings = {
				ASSETCATALOG_COMPILER_APPICON_NAME = AppIcon;
				ASSETCATALOG_COMPILER_GLOBAL_ACCENT_COLOR_NAME = AccentColor;
				CODE_SIGN_STYLE = Automatic;
				CURRENT_PROJECT_VERSION = 1;
				DEVELOPMENT_ASSET_PATHS = "\"Notes'n'Quotes/Preview Content\"";
				ENABLE_PREVIEWS = YES;
				GENERATE_INFOPLIST_FILE = YES;
				INFOPLIST_KEY_UIApplicationSceneManifest_Generation = YES;
				INFOPLIST_KEY_UIApplicationSupportsIndirectInputEvents = YES;
				INFOPLIST_KEY_UILaunchScreen_Generation = YES;
				INFOPLIST_KEY_UISupportedInterfaceOrientations_iPad = "UIInterfaceOrientationPortrait UIInterfaceOrientationPortraitUpsideDown UIInterfaceOrientationLandscapeLeft UIInterfaceOrientationLandscapeRight";
				INFOPLIST_KEY_UISupportedInterfaceOrientations_iPhone = "UIInterfaceOrientationPortrait UIInterfaceOrientationLandscapeLeft UIInterfaceOrientationLandscapeRight";
				LD_RUNPATH_SEARCH_PATHS = (
					"$(inherited)",
					"@executable_path/Frameworks",
				);
				MARKETING_VERSION = 1.0;
				PRODUCT_BUNDLE_IDENTIFIER = "PersonalProjects.Notes-n-Quotes";
				PRODUCT_NAME = "$(TARGET_NAME)";
				SWIFT_EMIT_LOC_STRINGS = YES;
				SWIFT_VERSION = 5.0;
				TARGETED_DEVICE_FAMILY = "1,2";
			};
			name = Release;
		};
		08837AA42970B58E001B4011 /* Debug */ = {
			isa = XCBuildConfiguration;
			buildSettings = {
				ALWAYS_EMBED_SWIFT_STANDARD_LIBRARIES = YES;
				BUNDLE_LOADER = "$(TEST_HOST)";
				CODE_SIGN_STYLE = Automatic;
				CURRENT_PROJECT_VERSION = 1;
				GENERATE_INFOPLIST_FILE = YES;
				IPHONEOS_DEPLOYMENT_TARGET = 16.2;
				MARKETING_VERSION = 1.0;
				PRODUCT_BUNDLE_IDENTIFIER = "PersonalProjects.Notes-n-QuotesTests";
				PRODUCT_NAME = "$(TARGET_NAME)";
				SWIFT_EMIT_LOC_STRINGS = NO;
				SWIFT_VERSION = 5.0;
				TARGETED_DEVICE_FAMILY = "1,2";
				TEST_HOST = "$(BUILT_PRODUCTS_DIR)/Notes'n'Quotes.app/$(BUNDLE_EXECUTABLE_FOLDER_PATH)/Notes'n'Quotes";
			};
			name = Debug;
		};
		08837AA52970B58E001B4011 /* Release */ = {
			isa = XCBuildConfiguration;
			buildSettings = {
				ALWAYS_EMBED_SWIFT_STANDARD_LIBRARIES = YES;
				BUNDLE_LOADER = "$(TEST_HOST)";
				CODE_SIGN_STYLE = Automatic;
				CURRENT_PROJECT_VERSION = 1;
				GENERATE_INFOPLIST_FILE = YES;
				IPHONEOS_DEPLOYMENT_TARGET = 16.2;
				MARKETING_VERSION = 1.0;
				PRODUCT_BUNDLE_IDENTIFIER = "PersonalProjects.Notes-n-QuotesTests";
				PRODUCT_NAME = "$(TARGET_NAME)";
				SWIFT_EMIT_LOC_STRINGS = NO;
				SWIFT_VERSION = 5.0;
				TARGETED_DEVICE_FAMILY = "1,2";
				TEST_HOST = "$(BUILT_PRODUCTS_DIR)/Notes'n'Quotes.app/$(BUNDLE_EXECUTABLE_FOLDER_PATH)/Notes'n'Quotes";
			};
			name = Release;
		};
		08837AA72970B58E001B4011 /* Debug */ = {
			isa = XCBuildConfiguration;
			buildSettings = {
				ALWAYS_EMBED_SWIFT_STANDARD_LIBRARIES = YES;
				CODE_SIGN_STYLE = Automatic;
				CURRENT_PROJECT_VERSION = 1;
				GENERATE_INFOPLIST_FILE = YES;
				MARKETING_VERSION = 1.0;
				PRODUCT_BUNDLE_IDENTIFIER = "PersonalProjects.Notes-n-QuotesUITests";
				PRODUCT_NAME = "$(TARGET_NAME)";
				SWIFT_EMIT_LOC_STRINGS = NO;
				SWIFT_VERSION = 5.0;
				TARGETED_DEVICE_FAMILY = "1,2";
				TEST_TARGET_NAME = "Notes'n'Quotes";
			};
			name = Debug;
		};
		08837AA82970B58E001B4011 /* Release */ = {
			isa = XCBuildConfiguration;
			buildSettings = {
				ALWAYS_EMBED_SWIFT_STANDARD_LIBRARIES = YES;
				CODE_SIGN_STYLE = Automatic;
				CURRENT_PROJECT_VERSION = 1;
				GENERATE_INFOPLIST_FILE = YES;
				MARKETING_VERSION = 1.0;
				PRODUCT_BUNDLE_IDENTIFIER = "PersonalProjects.Notes-n-QuotesUITests";
				PRODUCT_NAME = "$(TARGET_NAME)";
				SWIFT_EMIT_LOC_STRINGS = NO;
				SWIFT_VERSION = 5.0;
				TARGETED_DEVICE_FAMILY = "1,2";
				TEST_TARGET_NAME = "Notes'n'Quotes";
			};
			name = Release;
		};
/* End XCBuildConfiguration section */

/* Begin XCConfigurationList section */
		08837A772970B58B001B4011 /* Build configuration list for PBXProject "Notes'n'Quotes" */ = {
			isa = XCConfigurationList;
			buildConfigurations = (
				08837A9E2970B58E001B4011 /* Debug */,
				08837A9F2970B58E001B4011 /* Release */,
			);
			defaultConfigurationIsVisible = 0;
			defaultConfigurationName = Release;
		};
		08837AA02970B58E001B4011 /* Build configuration list for PBXNativeTarget "Notes'n'Quotes" */ = {
			isa = XCConfigurationList;
			buildConfigurations = (
				08837AA12970B58E001B4011 /* Debug */,
				08837AA22970B58E001B4011 /* Release */,
			);
			defaultConfigurationIsVisible = 0;
			defaultConfigurationName = Release;
		};
		08837AA32970B58E001B4011 /* Build configuration list for PBXNativeTarget "Notes'n'QuotesTests" */ = {
			isa = XCConfigurationList;
			buildConfigurations = (
				08837AA42970B58E001B4011 /* Debug */,
				08837AA52970B58E001B4011 /* Release */,
			);
			defaultConfigurationIsVisible = 0;
			defaultConfigurationName = Release;
		};
		08837AA62970B58E001B4011 /* Build configuration list for PBXNativeTarget "Notes'n'QuotesUITests" */ = {
			isa = XCConfigurationList;
			buildConfigurations = (
				08837AA72970B58E001B4011 /* Debug */,
				08837AA82970B58E001B4011 /* Release */,
			);
			defaultConfigurationIsVisible = 0;
			defaultConfigurationName = Release;
		};
/* End XCConfigurationList section */
	};
	rootObject = 08837A742970B58B001B4011 /* Project object */;
}
